
Microsoft Visual Studio Solution File, Format Version 12.00
# Visual Studio Version 17
VisualStudioVersion = 17.14.36717.8 d17.14
MinimumVisualStudioVersion = 10.0.40219.1
Project("{FAE04EC0-301F-11D3-BF4B-00C04F79EFBC}") = "WebApplication2", "WebApplication2.csproj", "{953A153C-2154-4864-AAF3-A8601A5EC43B}"
EndProject
Global
	GlobalSection(SolutionConfigurationPlatforms) = preSolution
		Debug|Any CPU = Debug|Any CPU
		Release|Any CPU = Release|Any CPU
	EndGlobalSection
	GlobalSection(ProjectConfigurationPlatforms) = postSolution
		{953A153C-2154-4864-AAF3-A8601A5EC43B}.Debug|Any CPU.ActiveCfg = Debug|Any CPU
		{953A153C-2154-4864-AAF3-A8601A5EC43B}.Debug|Any CPU.Build.0 = Debug|Any CPU
		{953A153C-2154-4864-AAF3-A8601A5EC43B}.Release|Any CPU.ActiveCfg = Release|Any CPU
		{953A153C-2154-4864-AAF3-A8601A5EC43B}.Release|Any CPU.Build.0 = Release|Any CPU
	EndGlobalSection
	GlobalSection(SolutionProperties) = preSolution
		HideSolutionNode = FALSE
	EndGlobalSection
	GlobalSection(ExtensibilityGlobals) = postSolution
		SolutionGuid = {574112E8-28DC-4217-8D3F-0F8ECA7526DA}
	EndGlobalSection
EndGlobal
